
Microsoft Visual Studio Solution File, Format Version 12.00
# Visual Studio Version 16
VisualStudioVersion = 16.0.29215.179
MinimumVisualStudioVersion = 10.0.40219.1
Project("{FAE04EC0-301F-11D3-BF4B-00C04F79EFBC}") = "UsersWebapi", "UsersWebapi\UsersWebapi.csproj", "{1741632B-2AD0-4628-88B9-2399953EB395}"
EndProject
Project("{9A19103F-16F7-4668-BE54-9A1E7A4F7556}") = "UsersWebapi.Data", "UsersWebapi.Data\UsersWebapi.Data.csproj", "{08A4CBCF-F0A4-4C61-93F9-F9D47C5273F2}"
EndProject
Project("{FAE04EC0-301F-11D3-BF4B-00C04F79EFBC}") = "UsersWebapi.Test", "UsersWebapi.Test\UsersWebapi.Test.csproj", "{84440149-7975-487B-BE38-7E0BCBAE59B6}"
EndProject
Global
	GlobalSection(SolutionConfigurationPlatforms) = preSolution
		Debug|Any CPU = Debug|Any CPU
		Release|Any CPU = Release|Any CPU
	EndGlobalSection
	GlobalSection(ProjectConfigurationPlatforms) = postSolution
		{1741632B-2AD0-4628-88B9-2399953EB395}.Debug|Any CPU.ActiveCfg = Debug|Any CPU
		{1741632B-2AD0-4628-88B9-2399953EB395}.Debug|Any CPU.Build.0 = Debug|Any CPU
		{1741632B-2AD0-4628-88B9-2399953EB395}.Release|Any CPU.ActiveCfg = Release|Any CPU
		{1741632B-2AD0-4628-88B9-2399953EB395}.Release|Any CPU.Build.0 = Release|Any CPU
		{08A4CBCF-F0A4-4C61-93F9-F9D47C5273F2}.Debug|Any CPU.ActiveCfg = Debug|Any CPU
		{08A4CBCF-F0A4-4C61-93F9-F9D47C5273F2}.Debug|Any CPU.Build.0 = Debug|Any CPU
		{08A4CBCF-F0A4-4C61-93F9-F9D47C5273F2}.Release|Any CPU.ActiveCfg = Release|Any CPU
		{08A4CBCF-F0A4-4C61-93F9-F9D47C5273F2}.Release|Any CPU.Build.0 = Release|Any CPU
		{84440149-7975-487B-BE38-7E0BCBAE59B6}.Debug|Any CPU.ActiveCfg = Debug|Any CPU
		{84440149-7975-487B-BE38-7E0BCBAE59B6}.Debug|Any CPU.Build.0 = Debug|Any CPU
		{84440149-7975-487B-BE38-7E0BCBAE59B6}.Release|Any CPU.ActiveCfg = Release|Any CPU
		{84440149-7975-487B-BE38-7E0BCBAE59B6}.Release|Any CPU.Build.0 = Release|Any CPU
	EndGlobalSection
	GlobalSection(SolutionProperties) = preSolution
		HideSolutionNode = FALSE
	EndGlobalSection
	GlobalSection(ExtensibilityGlobals) = postSolution
		SolutionGuid = {7E5311FC-5375-4773-BF01-AD9480DE94C4}
	EndGlobalSection
EndGlobal
